
Microsoft Visual Studio Solution File, Format Version 12.00
# Visual Studio Version 17
VisualStudioVersion = 17.6.33723.286
MinimumVisualStudioVersion = 10.0.40219.1
Project("{9A19103F-16F7-4668-BE54-9A1E7A4F7556}") = "MedicalCareApi", "MedicalCareApi\MedicalCareApi.csproj", "{11FF6B07-5932-4D02-B97D-378A263575A5}"
EndProject
Project("{2150E333-8FDC-42A3-9474-1A3956D46DE8}") = "Depensy", "Depensy", "{5110839B-320C-4A02-A951-08B4DB1EA735}"
EndProject
Project("{9A19103F-16F7-4668-BE54-9A1E7A4F7556}") = "ModelsDisies", "ModelsDisies\ModelsDisies.csproj", "{B34C28C1-3C14-4DE8-B266-13B15FB26177}"
EndProject
Project("{2150E333-8FDC-42A3-9474-1A3956D46DE8}") = "Service", "Service", "{B9CDFD66-6BDC-4895-BE87-D25351E3A94E}"
EndProject
Project("{9A19103F-16F7-4668-BE54-9A1E7A4F7556}") = "ServiceDisease", "ServiceDisease\ServiceDisease.csproj", "{B31ED235-5799-47DD-BCE1-6670912FBA87}"
EndProject
Project("{2150E333-8FDC-42A3-9474-1A3956D46DE8}") = "Views", "Views", "{5A293C1A-492C-4072-9F1B-501A32BAA77B}"
EndProject
Project("{9A19103F-16F7-4668-BE54-9A1E7A4F7556}") = "ViewsDisease", "ViewsDisease\ViewsDisease.csproj", "{5C764EB6-848A-4C15-8114-D024CF60849B}"
EndProject
Project("{9A19103F-16F7-4668-BE54-9A1E7A4F7556}") = "Infrastruct", "Infrastruct\Infrastruct.csproj", "{5C86F1FB-D32B-45D9-A4BD-C3EDC1B0FF63}"
EndProject
Project("{9A19103F-16F7-4668-BE54-9A1E7A4F7556}") = "DisiesHistory", "DisiesHistory\DisiesHistory.csproj", "{5EA8AE60-08A2-4507-8F44-8F8B107B1C16}"
EndProject
Project("{9A19103F-16F7-4668-BE54-9A1E7A4F7556}") = "HospitalCard", "HospitalCard\HospitalCard.csproj", "{9C5A1A7C-DA02-43C7-852F-D3992E55E5DA}"
EndProject
Project("{9A19103F-16F7-4668-BE54-9A1E7A4F7556}") = "HospitalCardService", "HospitalCardService\HospitalCardService.csproj", "{D6571592-FC82-4578-A4C6-FCE333E9BACE}"
EndProject
Project("{9A19103F-16F7-4668-BE54-9A1E7A4F7556}") = "AbstractSeviceBase", "AbstractSeviceBase\AbstractSeviceBase.csproj", "{ECC73580-34A0-4325-994A-481507870279}"
EndProject
Project("{9A19103F-16F7-4668-BE54-9A1E7A4F7556}") = "ExtentionMyService", "ExtentionMyService\ExtentionMyService.csproj", "{CB542873-2968-483A-960E-41964E977DBD}"
EndProject
Project("{9A19103F-16F7-4668-BE54-9A1E7A4F7556}") = "SiteDemo", "SiteDemo\SiteDemo.csproj", "{129DF21A-D632-48E2-9703-5B2672665FCC}"
EndProject
Project("{9A19103F-16F7-4668-BE54-9A1E7A4F7556}") = "SiteBlazorServer", "SiteBlazorServer\SiteBlazorServer.csproj", "{B5F1E555-8AD1-4F63-978F-10E07EA2D55A}"
EndProject
Project("{9A19103F-16F7-4668-BE54-9A1E7A4F7556}") = "SiteBlazorWA.Server", "SiteBlazorWA\Server\SiteBlazorWA.Server.csproj", "{4BDEB4E2-24CA-4EBB-876D-D52756C7BD10}"
EndProject
Project("{9A19103F-16F7-4668-BE54-9A1E7A4F7556}") = "SiteBlazorWA.Client", "SiteBlazorWA\Client\SiteBlazorWA.Client.csproj", "{18019EFA-9C31-47D8-94FB-0D94018583D9}"
EndProject
Project("{9A19103F-16F7-4668-BE54-9A1E7A4F7556}") = "SiteBlazorWA.Shared", "SiteBlazorWA\Shared\SiteBlazorWA.Shared.csproj", "{668CDFFD-E279-4B0F-9775-DB273E9B7E2E}"
EndProject
Global
	GlobalSection(SolutionConfigurationPlatforms) = preSolution
		Debug|Any CPU = Debug|Any CPU
		Release|Any CPU = Release|Any CPU
	EndGlobalSection
	GlobalSection(ProjectConfigurationPlatforms) = postSolution
		{11FF6B07-5932-4D02-B97D-378A263575A5}.Debug|Any CPU.ActiveCfg = Debug|Any CPU
		{11FF6B07-5932-4D02-B97D-378A263575A5}.Debug|Any CPU.Build.0 = Debug|Any CPU
		{11FF6B07-5932-4D02-B97D-378A263575A5}.Release|Any CPU.ActiveCfg = Release|Any CPU
		{11FF6B07-5932-4D02-B97D-378A263575A5}.Release|Any CPU.Build.0 = Release|Any CPU
		{B34C28C1-3C14-4DE8-B266-13B15FB26177}.Debug|Any CPU.ActiveCfg = Debug|Any CPU
		{B34C28C1-3C14-4DE8-B266-13B15FB26177}.Debug|Any CPU.Build.0 = Debug|Any CPU
		{B34C28C1-3C14-4DE8-B266-13B15FB26177}.Release|Any CPU.ActiveCfg = Release|Any CPU
		{B34C28C1-3C14-4DE8-B266-13B15FB26177}.Release|Any CPU.Build.0 = Release|Any CPU
		{B31ED235-5799-47DD-BCE1-6670912FBA87}.Debug|Any CPU.ActiveCfg = Debug|Any CPU
		{B31ED235-5799-47DD-BCE1-6670912FBA87}.Debug|Any CPU.Build.0 = Debug|Any CPU
		{B31ED235-5799-47DD-BCE1-6670912FBA87}.Release|Any CPU.ActiveCfg = Release|Any CPU
		{B31ED235-5799-47DD-BCE1-6670912FBA87}.Release|Any CPU.Build.0 = Release|Any CPU
		{5C764EB6-848A-4C15-8114-D024CF60849B}.Debug|Any CPU.ActiveCfg = Debug|Any CPU
		{5C764EB6-848A-4C15-8114-D024CF60849B}.Debug|Any CPU.Build.0 = Debug|Any CPU
		{5C764EB6-848A-4C15-8114-D024CF60849B}.Release|Any CPU.ActiveCfg = Release|Any CPU
		{5C764EB6-848A-4C15-8114-D024CF60849B}.Release|Any CPU.Build.0 = Release|Any CPU
		{5C86F1FB-D32B-45D9-A4BD-C3EDC1B0FF63}.Debug|Any CPU.ActiveCfg = Debug|Any CPU
		{5C86F1FB-D32B-45D9-A4BD-C3EDC1B0FF63}.Debug|Any CPU.Build.0 = Debug|Any CPU
		{5C86F1FB-D32B-45D9-A4BD-C3EDC1B0FF63}.Release|Any CPU.ActiveCfg = Release|Any CPU
		{5C86F1FB-D32B-45D9-A4BD-C3EDC1B0FF63}.Release|Any CPU.Build.0 = Release|Any CPU
		{5EA8AE60-08A2-4507-8F44-8F8B107B1C16}.Debug|Any CPU.ActiveCfg = Debug|Any CPU
		{5EA8AE60-08A2-4507-8F44-8F8B107B1C16}.Debug|Any CPU.Build.0 = Debug|Any CPU
		{5EA8AE60-08A2-4507-8F44-8F8B107B1C16}.Release|Any CPU.ActiveCfg = Release|Any CPU
		{5EA8AE60-08A2-4507-8F44-8F8B107B1C16}.Release|Any CPU.Build.0 = Release|Any CPU
		{9C5A1A7C-DA02-43C7-852F-D3992E55E5DA}.Debug|Any CPU.ActiveCfg = Debug|Any CPU
		{9C5A1A7C-DA02-43C7-852F-D3992E55E5DA}.Debug|Any CPU.Build.0 = Debug|Any CPU
		{9C5A1A7C-DA02-43C7-852F-D3992E55E5DA}.Release|Any CPU.ActiveCfg = Release|Any CPU
		{9C5A1A7C-DA02-43C7-852F-D3992E55E5DA}.Release|Any CPU.Build.0 = Release|Any CPU
		{D6571592-FC82-4578-A4C6-FCE333E9BACE}.Debug|Any CPU.ActiveCfg = Debug|Any CPU
		{D6571592-FC82-4578-A4C6-FCE333E9BACE}.Debug|Any CPU.Build.0 = Debug|Any CPU
		{D6571592-FC82-4578-A4C6-FCE333E9BACE}.Release|Any CPU.ActiveCfg = Release|Any CPU
		{D6571592-FC82-4578-A4C6-FCE333E9BACE}.Release|Any CPU.Build.0 = Release|Any CPU
		{ECC73580-34A0-4325-994A-481507870279}.Debug|Any CPU.ActiveCfg = Debug|Any CPU
		{ECC73580-34A0-4325-994A-481507870279}.Debug|Any CPU.Build.0 = Debug|Any CPU
		{ECC73580-34A0-4325-994A-481507870279}.Release|Any CPU.ActiveCfg = Release|Any CPU
		{ECC73580-34A0-4325-994A-481507870279}.Release|Any CPU.Build.0 = Release|Any CPU
		{CB542873-2968-483A-960E-41964E977DBD}.Debug|Any CPU.ActiveCfg = Debug|Any CPU
		{CB542873-2968-483A-960E-41964E977DBD}.Debug|Any CPU.Build.0 = Debug|Any CPU
		{CB542873-2968-483A-960E-41964E977DBD}.Release|Any CPU.ActiveCfg = Release|Any CPU
		{CB542873-2968-483A-960E-41964E977DBD}.Release|Any CPU.Build.0 = Release|Any CPU
		{129DF21A-D632-48E2-9703-5B2672665FCC}.Debug|Any CPU.ActiveCfg = Debug|Any CPU
		{129DF21A-D632-48E2-9703-5B2672665FCC}.Debug|Any CPU.Build.0 = Debug|Any CPU
		{129DF21A-D632-48E2-9703-5B2672665FCC}.Release|Any CPU.ActiveCfg = Release|Any CPU
		{129DF21A-D632-48E2-9703-5B2672665FCC}.Release|Any CPU.Build.0 = Release|Any CPU
		{B5F1E555-8AD1-4F63-978F-10E07EA2D55A}.Debug|Any CPU.ActiveCfg = Debug|Any CPU
		{B5F1E555-8AD1-4F63-978F-10E07EA2D55A}.Debug|Any CPU.Build.0 = Debug|Any CPU
		{B5F1E555-8AD1-4F63-978F-10E07EA2D55A}.Release|Any CPU.ActiveCfg = Release|Any CPU
		{B5F1E555-8AD1-4F63-978F-10E07EA2D55A}.Release|Any CPU.Build.0 = Release|Any CPU
		{4BDEB4E2-24CA-4EBB-876D-D52756C7BD10}.Debug|Any CPU.ActiveCfg = Debug|Any CPU
		{4BDEB4E2-24CA-4EBB-876D-D52756C7BD10}.Debug|Any CPU.Build.0 = Debug|Any CPU
		{4BDEB4E2-24CA-4EBB-876D-D52756C7BD10}.Release|Any CPU.ActiveCfg = Release|Any CPU
		{4BDEB4E2-24CA-4EBB-876D-D52756C7BD10}.Release|Any CPU.Build.0 = Release|Any CPU
		{18019EFA-9C31-47D8-94FB-0D94018583D9}.Debug|Any CPU.ActiveCfg = Debug|Any CPU
		{18019EFA-9C31-47D8-94FB-0D94018583D9}.Debug|Any CPU.Build.0 = Debug|Any CPU
		{18019EFA-9C31-47D8-94FB-0D94018583D9}.Release|Any CPU.ActiveCfg = Release|Any CPU
		{18019EFA-9C31-47D8-94FB-0D94018583D9}.Release|Any CPU.Build.0 = Release|Any CPU
		{668CDFFD-E279-4B0F-9775-DB273E9B7E2E}.Debug|Any CPU.ActiveCfg = Debug|Any CPU
		{668CDFFD-E279-4B0F-9775-DB273E9B7E2E}.Debug|Any CPU.Build.0 = Debug|Any CPU
		{668CDFFD-E279-4B0F-9775-DB273E9B7E2E}.Release|Any CPU.ActiveCfg = Release|Any CPU
		{668CDFFD-E279-4B0F-9775-DB273E9B7E2E}.Release|Any CPU.Build.0 = Release|Any CPU
	EndGlobalSection
	GlobalSection(SolutionProperties) = preSolution
		HideSolutionNode = FALSE
	EndGlobalSection
	GlobalSection(NestedProjects) = preSolution
		{B34C28C1-3C14-4DE8-B266-13B15FB26177} = {5110839B-320C-4A02-A951-08B4DB1EA735}
		{B31ED235-5799-47DD-BCE1-6670912FBA87} = {B9CDFD66-6BDC-4895-BE87-D25351E3A94E}
		{5C764EB6-848A-4C15-8114-D024CF60849B} = {5A293C1A-492C-4072-9F1B-501A32BAA77B}
		{5C86F1FB-D32B-45D9-A4BD-C3EDC1B0FF63} = {5110839B-320C-4A02-A951-08B4DB1EA735}
		{5EA8AE60-08A2-4507-8F44-8F8B107B1C16} = {5110839B-320C-4A02-A951-08B4DB1EA735}
		{9C5A1A7C-DA02-43C7-852F-D3992E55E5DA} = {5110839B-320C-4A02-A951-08B4DB1EA735}
		{D6571592-FC82-4578-A4C6-FCE333E9BACE} = {B9CDFD66-6BDC-4895-BE87-D25351E3A94E}
		{ECC73580-34A0-4325-994A-481507870279} = {B9CDFD66-6BDC-4895-BE87-D25351E3A94E}
		{CB542873-2968-483A-960E-41964E977DBD} = {5110839B-320C-4A02-A951-08B4DB1EA735}
	EndGlobalSection
	GlobalSection(ExtensibilityGlobals) = postSolution
		SolutionGuid = {61E05043-A861-4CFC-8013-C58A554938F4}
	EndGlobalSection
EndGlobal
